
Microsoft Visual Studio Solution File, Format Version 12.00
# Visual Studio Version 16
VisualStudioVersion = 25.0.1703.1
MinimumVisualStudioVersion = 10.0.40219.1
Project("{FAE04EC0-301F-11D3-BF4B-00C04F79EFBC}") = "prueba", "prueba\prueba.csproj", "{D2D23FBA-2996-4B78-8732-474E5B8D09E6}"
EndProject
Global
	GlobalSection(SolutionConfigurationPlatforms) = preSolution
		Debug|Any CPU = Debug|Any CPU
		Release|Any CPU = Release|Any CPU
	EndGlobalSection
	GlobalSection(ProjectConfigurationPlatforms) = postSolution
		{D2D23FBA-2996-4B78-8732-474E5B8D09E6}.Debug|Any CPU.ActiveCfg = Debug|Any CPU
		{D2D23FBA-2996-4B78-8732-474E5B8D09E6}.Debug|Any CPU.Build.0 = Debug|Any CPU
		{D2D23FBA-2996-4B78-8732-474E5B8D09E6}.Release|Any CPU.ActiveCfg = Release|Any CPU
		{D2D23FBA-2996-4B78-8732-474E5B8D09E6}.Release|Any CPU.Build.0 = Release|Any CPU
	EndGlobalSection
	GlobalSection(SolutionProperties) = preSolution
		HideSolutionNode = FALSE
	EndGlobalSection
	GlobalSection(ExtensibilityGlobals) = postSolution
		SolutionGuid = {EF981140-7C1A-4E6E-A1DF-92D9C4B0FD8C}
	EndGlobalSection
EndGlobal
